// !$*UTF8*$!
{
	archiveVersion = 1;
	classes = {
	};
	objectVersion = 56;
	objects = {

/* Begin PBXBuildFile section */
		F410FAF52AD7203800073D3B /* aula03_2App.swift in Sources */ = {isa = PBXBuildFile; fileRef = F410FAF42AD7203800073D3B /* aula03_2App.swift */; };
		F410FAF72AD7203800073D3B /* ContentView.swift in Sources */ = {isa = PBXBuildFile; fileRef = F410FAF62AD7203800073D3B /* ContentView.swift */; };
		F410FAF92AD7203A00073D3B /* Assets.xcassets in Resources */ = {isa = PBXBuildFile; fileRef = F410FAF82AD7203A00073D3B /* Assets.xcassets */; };
		F410FAFC2AD7203A00073D3B /* Preview Assets.xcassets in Resources */ = {isa = PBXBuildFile; fileRef = F410FAFB2AD7203A00073D3B /* Preview Assets.xcassets */; };
		F410FB092AD7262200073D3B /* primeiro.swift in Sources */ = {isa = PBXBuildFile; fileRef = F410FB082AD7262200073D3B /* primeiro.swift */; };
		F410FB0B2AD7262E00073D3B /* segundo.swift in Sources */ = {isa = PBXBuildFile; fileRef = F410FB0A2AD7262E00073D3B /* segundo.swift */; };
		F410FB0D2AD7264000073D3B /* terceiro.swift in Sources */ = {isa = PBXBuildFile; fileRef = F410FB0C2AD7264000073D3B /* terceiro.swift */; };
		F410FB0F2AD7275E00073D3B /* segundo2.swift in Sources */ = {isa = PBXBuildFile; fileRef = F410FB0E2AD7275E00073D3B /* segundo2.swift */; };
/* End PBXBuildFile section */

/* Begin PBXFileReference section */
		F410FAF12AD7203800073D3B /* aula03.2.app */ = {isa = PBXFileReference; explicitFileType = wrapper.application; includeInIndex = 0; path = aula03.2.app; sourceTree = BUILT_PRODUCTS_DIR; };
		F410FAF42AD7203800073D3B /* aula03_2App.swift */ = {isa = PBXFileReference; lastKnownFileType = sourcecode.swift; path = aula03_2App.swift; sourceTree = "<group>"; };
		F410FAF62AD7203800073D3B /* ContentView.swift */ = {isa = PBXFileReference; lastKnownFileType = sourcecode.swift; path = ContentView.swift; sourceTree = "<group>"; };
		F410FAF82AD7203A00073D3B /* Assets.xcassets */ = {isa = PBXFileReference; lastKnownFileType = folder.assetcatalog; path = Assets.xcassets; sourceTree = "<group>"; };
		F410FAFB2AD7203A00073D3B /* Preview Assets.xcassets */ = {isa = PBXFileReference; lastKnownFileType = folder.assetcatalog; path = "Preview Assets.xcassets"; sourceTree = "<group>"; };
		F410FB082AD7262200073D3B /* primeiro.swift */ = {isa = PBXFileReference; lastKnownFileType = sourcecode.swift; path = primeiro.swift; sourceTree = "<group>"; };
		F410FB0A2AD7262E00073D3B /* segundo.swift */ = {isa = PBXFileReference; lastKnownFileType = sourcecode.swift; path = segundo.swift; sourceTree = "<group>"; };
		F410FB0C2AD7264000073D3B /* terceiro.swift */ = {isa = PBXFileReference; lastKnownFileType = sourcecode.swift; path = terceiro.swift; sourceTree = "<group>"; };
		F410FB0E2AD7275E00073D3B /* segundo2.swift */ = {isa = PBXFileReference; lastKnownFileType = sourcecode.swift; path = segundo2.swift; sourceTree = "<group>"; };
/* End PBXFileReference section */

/* Begin PBXFrameworksBuildPhase section */
		F410FAEE2AD7203800073D3B /* Frameworks */ = {
			isa = PBXFrameworksBuildPhase;
			buildActionMask = 2147483647;
			files = (
			);
			runOnlyForDeploymentPostprocessing = 0;
		};
/* End PBXFrameworksBuildPhase section */

/* Begin PBXGroup section */
		F410FAE82AD7203800073D3B = {
			isa = PBXGroup;
			children = (
				F410FAF32AD7203800073D3B /* aula03.2 */,
				F410FAF22AD7203800073D3B /* Products */,
			);
			sourceTree = "<group>";
		};
		F410FAF22AD7203800073D3B /* Products */ = {
			isa = PBXGroup;
			children = (
				F410FAF12AD7203800073D3B /* aula03.2.app */,
			);
			name = Products;
			sourceTree = "<group>";
		};
		F410FAF32AD7203800073D3B /* aula03.2 */ = {
			isa = PBXGroup;
			children = (
				F410FAF42AD7203800073D3B /* aula03_2App.swift */,
				F410FAF62AD7203800073D3B /* ContentView.swift */,
				F410FAF82AD7203A00073D3B /* Assets.xcassets */,
				F410FAFA2AD7203A00073D3B /* Preview Content */,
				F410FB082AD7262200073D3B /* primeiro.swift */,
				F410FB0A2AD7262E00073D3B /* segundo.swift */,
				F410FB0C2AD7264000073D3B /* terceiro.swift */,
				F410FB0E2AD7275E00073D3B /* segundo2.swift */,
			);
			path = aula03.2;
			sourceTree = "<group>";
		};
		F410FAFA2AD7203A00073D3B /* Preview Content */ = {
			isa = PBXGroup;
			children = (
				F410FAFB2AD7203A00073D3B /* Preview Assets.xcassets */,
			);
			path = "Preview Content";
			sourceTree = "<group>";
		};
/* End PBXGroup section */

/* Begin PBXNativeTarget section */
		F410FAF02AD7203800073D3B /* aula03.2 */ = {
			isa = PBXNativeTarget;
			buildConfigurationList = F410FAFF2AD7203A00073D3B /* Build configuration list for PBXNativeTarget "aula03.2" */;
			buildPhases = (
				F410FAED2AD7203800073D3B /* Sources */,
				F410FAEE2AD7203800073D3B /* Frameworks */,
				F410FAEF2AD7203800073D3B /* Resources */,
			);
			buildRules = (
			);
			dependencies = (
			);
			name = aula03.2;
			productName = aula03.2;
			productReference = F410FAF12AD7203800073D3B /* aula03.2.app */;
			productType = "com.apple.product-type.application";
		};
/* End PBXNativeTarget section */

/* Begin PBXProject section */
		F410FAE92AD7203800073D3B /* Project object */ = {
			isa = PBXProject;
			attributes = {
				BuildIndependentTargetsInParallel = 1;
				LastSwiftUpdateCheck = 1420;
				LastUpgradeCheck = 1420;
				TargetAttributes = {
					F410FAF02AD7203800073D3B = {
						CreatedOnToolsVersion = 14.2;
					};
				};
			};
			buildConfigurationList = F410FAEC2AD7203800073D3B /* Build configuration list for PBXProject "aula03.2" */;
			compatibilityVersion = "Xcode 14.0";
			developmentRegion = en;
			hasScannedForEncodings = 0;
			knownRegions = (
				en,
				Base,
			);
			mainGroup = F410FAE82AD7203800073D3B;
			productRefGroup = F410FAF22AD7203800073D3B /* Products */;
			projectDirPath = "";
			projectRoot = "";
			targets = (
				F410FAF02AD7203800073D3B /* aula03.2 */,
			);
		};
/* End PBXProject section */

/* Begin PBXResourcesBuildPhase section */
		F410FAEF2AD7203800073D3B /* Resources */ = {
			isa = PBXResourcesBuildPhase;
			buildActionMask = 2147483647;
			files = (
				F410FAFC2AD7203A00073D3B /* Preview Assets.xcassets in Resources */,
				F410FAF92AD7203A00073D3B /* Assets.xcassets in Resources */,
			);
			runOnlyForDeploymentPostprocessing = 0;
		};
/* End PBXResourcesBuildPhase section */

/* Begin PBXSourcesBuildPhase section */
		F410FAED2AD7203800073D3B /* Sources */ = {
			isa = PBXSourcesBuildPhase;
			buildActionMask = 2147483647;
			files = (
				F410FB0F2AD7275E00073D3B /* segundo2.swift in Sources */,
				F410FAF72AD7203800073D3B /* ContentView.swift in Sources */,
				F410FB0B2AD7262E00073D3B /* segundo.swift in Sources */,
				F410FB092AD7262200073D3B /* primeiro.swift in Sources */,
				F410FB0D2AD7264000073D3B /* terceiro.swift in Sources */,
				F410FAF52AD7203800073D3B /* aula03_2App.swift in Sources */,
			);
			runOnlyForDeploymentPostprocessing = 0;
		};
/* End PBXSourcesBuildPhase section */

/* Begin XCBuildConfiguration section */
		F410FAFD2AD7203A00073D3B /* Debug */ = {
			isa = XCBuildConfiguration;
			buildSettings = {
				ALWAYS_SEARCH_USER_PATHS = NO;
				CLANG_ANALYZER_NONNULL = YES;
				CLANG_ANALYZER_NUMBER_OBJECT_CONVERSION = YES_AGGRESSIVE;
				CLANG_CXX_LANGUAGE_STANDARD = "gnu++20";
				CLANG_ENABLE_MODULES = YES;
				CLANG_ENABLE_OBJC_ARC = YES;
				CLANG_ENABLE_OBJC_WEAK = YES;
				CLANG_WARN_BLOCK_CAPTURE_AUTORELEASING = YES;
				CLANG_WARN_BOOL_CONVERSION = YES;
				CLANG_WARN_COMMA = YES;
				CLANG_WARN_CONSTANT_CONVERSION = YES;
				CLANG_WARN_DEPRECATED_OBJC_IMPLEMENTATIONS = YES;
				CLANG_WARN_DIRECT_OBJC_ISA_USAGE = YES_ERROR;
				CLANG_WARN_DOCUMENTATION_COMMENTS = YES;
				CLANG_WARN_EMPTY_BODY = YES;
				CLANG_WARN_ENUM_CONVERSION = YES;
				CLANG_WARN_INFINITE_RECURSION = YES;
				CLANG_WARN_INT_CONVERSION = YES;
				CLANG_WARN_NON_LITERAL_NULL_CONVERSION = YES;
				CLANG_WARN_OBJC_IMPLICIT_RETAIN_SELF = YES;
				CLANG_WARN_OBJC_LITERAL_CONVERSION = YES;
				CLANG_WARN_OBJC_ROOT_CLASS = YES_ERROR;
				CLANG_WARN_QUOTED_INCLUDE_IN_FRAMEWORK_HEADER = YES;
				CLANG_WARN_RANGE_LOOP_ANALYSIS = YES;
				CLANG_WARN_STRICT_PROTOTYPES = YES;
				CLANG_WARN_SUSPICIOUS_MOVE = YES;
				CLANG_WARN_UNGUARDED_AVAILABILITY = YES_AGGRESSIVE;
				CLANG_WARN_UNREACHABLE_CODE = YES;
				CLANG_WARN__DUPLICATE_METHOD_MATCH = YES;
				COPY_PHASE_STRIP = NO;
				DEBUG_INFORMATION_FORMAT = dwarf;
				ENABLE_STRICT_OBJC_MSGSEND = YES;
				ENABLE_TESTABILITY = YES;
				GCC_C_LANGUAGE_STANDARD = gnu11;
				GCC_DYNAMIC_NO_PIC = NO;
				GCC_NO_COMMON_BLOCKS = YES;
				GCC_OPTIMIZATION_LEVEL = 0;
				GCC_PREPROCESSOR_DEFINITIONS = (
					"DEBUG=1",
					"$(inherited)",
				);
				GCC_WARN_64_TO_32_BIT_CONVERSION = YES;
				GCC_WARN_ABOUT_RETURN_TYPE = YES_ERROR;
				GCC_WARN_UNDECLARED_SELECTOR = YES;
				GCC_WARN_UNINITIALIZED_AUTOS = YES_AGGRESSIVE;
				GCC_WARN_UNUSED_FUNCTION = YES;
				GCC_WARN_UNUSED_VARIABLE = YES;
				IPHONEOS_DEPLOYMENT_TARGET = 16.2;
				MTL_ENABLE_DEBUG_INFO = INCLUDE_SOURCE;
				MTL_FAST_MATH = YES;
				ONLY_ACTIVE_ARCH = YES;
				SDKROOT = iphoneos;
				SWIFT_ACTIVE_COMPILATION_CONDITIONS = DEBUG;
				SWIFT_OPTIMIZATION_LEVEL = "-Onone";
			};
			name = Debug;
		};
		F410FAFE2AD7203A00073D3B /* Release */ = {
			isa = XCBuildConfiguration;
			buildSettings = {
				ALWAYS_SEARCH_USER_PATHS = NO;
				CLANG_ANALYZER_NONNULL = YES;
				CLANG_ANALYZER_NUMBER_OBJECT_CONVERSION = YES_AGGRESSIVE;
				CLANG_CXX_LANGUAGE_STANDARD = "gnu++20";
				CLANG_ENABLE_MODULES = YES;
				CLANG_ENABLE_OBJC_ARC = YES;
				CLANG_ENABLE_OBJC_WEAK = YES;
				CLANG_WARN_BLOCK_CAPTURE_AUTORELEASING = YES;
				CLANG_WARN_BOOL_CONVERSION = YES;
				CLANG_WARN_COMMA = YES;
				CLANG_WARN_CONSTANT_CONVERSION = YES;
				CLANG_WARN_DEPRECATED_OBJC_IMPLEMENTATIONS = YES;
				CLANG_WARN_DIRECT_OBJC_ISA_USAGE = YES_ERROR;
				CLANG_WARN_DOCUMENTATION_COMMENTS = YES;
				CLANG_WARN_EMPTY_BODY = YES;
				CLANG_WARN_ENUM_CONVERSION = YES;
				CLANG_WARN_INFINITE_RECURSION = YES;
				CLANG_WARN_INT_CONVERSION = YES;
				CLANG_WARN_NON_LITERAL_NULL_CONVERSION = YES;
				CLANG_WARN_OBJC_IMPLICIT_RETAIN_SELF = YES;
				CLANG_WARN_OBJC_LITERAL_CONVERSION = YES;
				CLANG_WARN_OBJC_ROOT_CLASS = YES_ERROR;
				CLANG_WARN_QUOTED_INCLUDE_IN_FRAMEWORK_HEADER = YES;
				CLANG_WARN_RANGE_LOOP_ANALYSIS = YES;
				CLANG_WARN_STRICT_PROTOTYPES = YES;
				CLANG_WARN_SUSPICIOUS_MOVE = YES;
				CLANG_WARN_UNGUARDED_AVAILABILITY = YES_AGGRESSIVE;
				CLANG_WARN_UNREACHABLE_CODE = YES;
				CLANG_WARN__DUPLICATE_METHOD_MATCH = YES;
				COPY_PHASE_STRIP = NO;
				DEBUG_INFORMATION_FORMAT = "dwarf-with-dsym";
				ENABLE_NS_ASSERTIONS = NO;
				ENABLE_STRICT_OBJC_MSGSEND = YES;
				GCC_C_LANGUAGE_STANDARD = gnu11;
				GCC_NO_COMMON_BLOCKS = YES;
				GCC_WARN_64_TO_32_BIT_CONVERSION = YES;
				GCC_WARN_ABOUT_RETURN_TYPE = YES_ERROR;
				GCC_WARN_UNDECLARED_SELECTOR = YES;
				GCC_WARN_UNINITIALIZED_AUTOS = YES_AGGRESSIVE;
				GCC_WARN_UNUSED_FUNCTION = YES;
				GCC_WARN_UNUSED_VARIABLE = YES;
				IPHONEOS_DEPLOYMENT_TARGET = 16.2;
				MTL_ENABLE_DEBUG_INFO = NO;
				MTL_FAST_MATH = YES;
				SDKROOT = iphoneos;
				SWIFT_COMPILATION_MODE = wholemodule;
				SWIFT_OPTIMIZATION_LEVEL = "-O";
				VALIDATE_PRODUCT = YES;
			};
			name = Release;
		};
		F410FB002AD7203A00073D3B /* Debug */ = {
			isa = XCBuildConfiguration;
			buildSettings = {
				ASSETCATALOG_COMPILER_APPICON_NAME = AppIcon;
				ASSETCATALOG_COMPILER_GLOBAL_ACCENT_COLOR_NAME = AccentColor;
				CODE_SIGN_STYLE = Automatic;
				CURRENT_PROJECT_VERSION = 1;
				DEVELOPMENT_ASSET_PATHS = "\"aula03.2/Preview Content\"";
				ENABLE_PREVIEWS = YES;
				GENERATE_INFOPLIST_FILE = YES;
				INFOPLIST_KEY_UIApplicationSceneManifest_Generation = YES;
				INFOPLIST_KEY_UIApplicationSupportsIndirectInputEvents = YES;
				INFOPLIST_KEY_UILaunchScreen_Generation = YES;
				INFOPLIST_KEY_UISupportedInterfaceOrientations_iPad = "UIInterfaceOrientationPortrait UIInterfaceOrientationPortraitUpsideDown UIInterfaceOrientationLandscapeLeft UIInterfaceOrientationLandscapeRight";
				INFOPLIST_KEY_UISupportedInterfaceOrientations_iPhone = "UIInterfaceOrientationPortrait UIInterfaceOrientationLandscapeLeft UIInterfaceOrientationLandscapeRight";
				LD_RUNPATH_SEARCH_PATHS = (
					"$(inherited)",
					"@executable_path/Frameworks",
				);
				MARKETING_VERSION = 1.0;
				PRODUCT_BUNDLE_IDENTIFIER = "brenodoscapa.aula03-2";
				PRODUCT_NAME = "$(TARGET_NAME)";
				SWIFT_EMIT_LOC_STRINGS = YES;
				SWIFT_VERSION = 5.0;
				TARGETED_DEVICE_FAMILY = "1,2";
			};
			name = Debug;
		};
		F410FB012AD7203A00073D3B /* Release */ = {
			isa = XCBuildConfiguration;
			buildSettings = {
				ASSETCATALOG_COMPILER_APPICON_NAME = AppIcon;
				ASSETCATALOG_COMPILER_GLOBAL_ACCENT_COLOR_NAME = AccentColor;
				CODE_SIGN_STYLE = Automatic;
				CURRENT_PROJECT_VERSION = 1;
				DEVELOPMENT_ASSET_PATHS = "\"aula03.2/Preview Content\"";
				ENABLE_PREVIEWS = YES;
				GENERATE_INFOPLIST_FILE = YES;
				INFOPLIST_KEY_UIApplicationSceneManifest_Generation = YES;
				INFOPLIST_KEY_UIApplicationSupportsIndirectInputEvents = YES;
				INFOPLIST_KEY_UILaunchScreen_Generation = YES;
				INFOPLIST_KEY_UISupportedInterfaceOrientations_iPad = "UIInterfaceOrientationPortrait UIInterfaceOrientationPortraitUpsideDown UIInterfaceOrientationLandscapeLeft UIInterfaceOrientationLandscapeRight";
				INFOPLIST_KEY_UISupportedInterfaceOrientations_iPhone = "UIInterfaceOrientationPortrait UIInterfaceOrientationLandscapeLeft UIInterfaceOrientationLandscapeRight";
				LD_RUNPATH_SEARCH_PATHS = (
					"$(inherited)",
					"@executable_path/Frameworks",
				);
				MARKETING_VERSION = 1.0;
				PRODUCT_BUNDLE_IDENTIFIER = "brenodoscapa.aula03-2";
				PRODUCT_NAME = "$(TARGET_NAME)";
				SWIFT_EMIT_LOC_STRINGS = YES;
				SWIFT_VERSION = 5.0;
				TARGETED_DEVICE_FAMILY = "1,2";
			};
			name = Release;
		};
/* End XCBuildConfiguration section */

/* Begin XCConfigurationList section */
		F410FAEC2AD7203800073D3B /* Build configuration list for PBXProject "aula03.2" */ = {
			isa = XCConfigurationList;
			buildConfigurations = (
				F410FAFD2AD7203A00073D3B /* Debug */,
				F410FAFE2AD7203A00073D3B /* Release */,
			);
			defaultConfigurationIsVisible = 0;
			defaultConfigurationName = Release;
		};
		F410FAFF2AD7203A00073D3B /* Build configuration list for PBXNativeTarget "aula03.2" */ = {
			isa = XCConfigurationList;
			buildConfigurations = (
				F410FB002AD7203A00073D3B /* Debug */,
				F410FB012AD7203A00073D3B /* Release */,
			);
			defaultConfigurationIsVisible = 0;
			defaultConfigurationName = Release;
		};
/* End XCConfigurationList section */
	};
	rootObject = F410FAE92AD7203800073D3B /* Project object */;
}
